{
  "originHash" : "1547acab156be73e5d09bf0c07e6327ebc5afcf66cf06ad3e990869496ce0b4f",
  "pins" : [
    {
      "identity" : "actionclosurable",
      "kind" : "remoteSourceControl",
      "location" : "https://github.com/takasek/ActionClosurable.git",
      "state" : {
        "revision" : "a1a589cd4189768c0ac7a49da7296d95a7f4f914",
        "version" : "2.1.0"
      }
    },
    {
      "identity" : "cryptoswift",
      "kind" : "remoteSourceControl",
      "location" : "https://github.com/krzyzanowskim/CryptoSwift.git",
      "state" : {
        "revision" : "e45a26384239e028ec87fbcc788f513b67e10d8f",
        "version" : "1.9.0"
      }
    },
    {
      "identity" : "piecharts",
      "kind" : "remoteSourceControl",
      "location" : "https://github.com/paulplant/PieCharts",
      "state" : {
        "branch" : "master",
        "revision" : "15128eb4d1126dcdca4a5b665cece6be9f5dac91"
      }
    },
    {
      "identity" : "snapkit",
      "kind" : "remoteSourceControl",
      "location" : "https://github.com/SnapKit/SnapKit",
      "state" : {
        "revision" : "2842e6e84e82eb9a8dac0100ca90d9444b0307f4",
        "version" : "5.7.1"
      }
    },
    {
      "identity" : "swiftcharts",
      "kind" : "remoteSourceControl",
      "location" : "https://github.com/ivanschuetz/SwiftCharts",
      "state" : {
        "branch" : "master",
        "revision" : "c354c1945bb35a1f01b665b22474f6db28cba4a2"
      }
    }
  ],
  "version" : 3
}
